// !$*UTF8*$!
{
	archiveVersion = 1;
	classes = {
	};
	objectVersion = 56;
	objects = {

/* Begin PBXBuildFile section */
		611C20E22976C91600CBB501 /* RMGetAllEpisodesResponse.swift in Sources */ = {isa = PBXBuildFile; fileRef = 611C20E12976C91600CBB501 /* RMGetAllEpisodesResponse.swift */; };
		6132AF0C2976C01E0058923B /* RMEpisodeListView.swift in Sources */ = {isa = PBXBuildFile; fileRef = 6132AF0B2976C01E0058923B /* RMEpisodeListView.swift */; };
		6132AF0E2976C3E50058923B /* RMEpisodeListViewViewModel.swift in Sources */ = {isa = PBXBuildFile; fileRef = 6132AF0D2976C3E50058923B /* RMEpisodeListViewViewModel.swift */; };
		613C57FC296C8D3A00ED21C8 /* RMImageLoader.swift in Sources */ = {isa = PBXBuildFile; fileRef = 613C57FB296C8D3A00ED21C8 /* RMImageLoader.swift */; };
		6141F9F72962FB25005700F3 /* AppDelegate.swift in Sources */ = {isa = PBXBuildFile; fileRef = 6141F9F62962FB25005700F3 /* AppDelegate.swift */; };
		6141F9F92962FB25005700F3 /* SceneDelegate.swift in Sources */ = {isa = PBXBuildFile; fileRef = 6141F9F82962FB25005700F3 /* SceneDelegate.swift */; };
		6141F9FB2962FB25005700F3 /* TabBarController.swift in Sources */ = {isa = PBXBuildFile; fileRef = 6141F9FA2962FB25005700F3 /* TabBarController.swift */; };
		6141FA002962FB26005700F3 /* Assets.xcassets in Resources */ = {isa = PBXBuildFile; fileRef = 6141F9FF2962FB26005700F3 /* Assets.xcassets */; };
		6141FA032962FB26005700F3 /* LaunchScreen.storyboard in Resources */ = {isa = PBXBuildFile; fileRef = 6141FA012962FB26005700F3 /* LaunchScreen.storyboard */; };
		6141FA1129630295005700F3 /* RMLocation.swift in Sources */ = {isa = PBXBuildFile; fileRef = 6141FA1029630295005700F3 /* RMLocation.swift */; };
		6141FA132963029F005700F3 /* RMCharacter.swift in Sources */ = {isa = PBXBuildFile; fileRef = 6141FA122963029F005700F3 /* RMCharacter.swift */; };
		6141FA15296302B8005700F3 /* RMEpisode.swift in Sources */ = {isa = PBXBuildFile; fileRef = 6141FA14296302B8005700F3 /* RMEpisode.swift */; };
		6141FA18296303B5005700F3 /* CharacterVC.swift in Sources */ = {isa = PBXBuildFile; fileRef = 6141FA17296303B5005700F3 /* CharacterVC.swift */; };
		6141FA1A29630429005700F3 /* LocationVC.swift in Sources */ = {isa = PBXBuildFile; fileRef = 6141FA1929630429005700F3 /* LocationVC.swift */; };
		6141FA1C29630436005700F3 /* EpisodeVC.swift in Sources */ = {isa = PBXBuildFile; fileRef = 6141FA1B29630436005700F3 /* EpisodeVC.swift */; };
		6141FA1E29630442005700F3 /* SettingsVC.swift in Sources */ = {isa = PBXBuildFile; fileRef = 6141FA1D29630442005700F3 /* SettingsVC.swift */; };
		6141FA5029632407005700F3 /* RMServise.swift in Sources */ = {isa = PBXBuildFile; fileRef = 6141FA4F29632407005700F3 /* RMServise.swift */; };
		6141FA5229632425005700F3 /* RMRequest.swift in Sources */ = {isa = PBXBuildFile; fileRef = 6141FA5129632425005700F3 /* RMRequest.swift */; };
		6141FA5429632590005700F3 /* RMEndPoint.swift in Sources */ = {isa = PBXBuildFile; fileRef = 6141FA5329632590005700F3 /* RMEndPoint.swift */; };
		6141FA5629647B3B005700F3 /* RMOrigin.swift in Sources */ = {isa = PBXBuildFile; fileRef = 6141FA5529647B3B005700F3 /* RMOrigin.swift */; };
		6141FA5829647BEA005700F3 /* RMSingleLocation.swift in Sources */ = {isa = PBXBuildFile; fileRef = 6141FA5729647BEA005700F3 /* RMSingleLocation.swift */; };
		6141FA5A29647D05005700F3 /* RMCharacterStatus.swift in Sources */ = {isa = PBXBuildFile; fileRef = 6141FA5929647D05005700F3 /* RMCharacterStatus.swift */; };
		6141FA5C29647E42005700F3 /* RMCharacterGender.swift in Sources */ = {isa = PBXBuildFile; fileRef = 6141FA5B29647E42005700F3 /* RMCharacterGender.swift */; };
		6141FA602965CDB4005700F3 /* RMGetAllCharactersResponse.swift in Sources */ = {isa = PBXBuildFile; fileRef = 6141FA5F2965CDB4005700F3 /* RMGetAllCharactersResponse.swift */; };
		6141FA622965D338005700F3 /* RMCharacterListViewViewModel.swift in Sources */ = {isa = PBXBuildFile; fileRef = 6141FA612965D338005700F3 /* RMCharacterListViewViewModel.swift */; };
		6141FA642965E3B3005700F3 /* RMCharacterListView.swift in Sources */ = {isa = PBXBuildFile; fileRef = 6141FA632965E3B3005700F3 /* RMCharacterListView.swift */; };
		6141FA662965F4C4005700F3 /* Extensions.swift in Sources */ = {isa = PBXBuildFile; fileRef = 6141FA652965F4C4005700F3 /* Extensions.swift */; };
		6158D615298141C300EF19A5 /* RMSearchViewController.swift in Sources */ = {isa = PBXBuildFile; fileRef = 6158D614298141C300EF19A5 /* RMSearchViewController.swift */; };
		6158D6182981630700EF19A5 /* RMEpisodeInfoCollectionViewCell.swift in Sources */ = {isa = PBXBuildFile; fileRef = 6158D6172981630700EF19A5 /* RMEpisodeInfoCollectionViewCell.swift */; };
		6158D61B2981633F00EF19A5 /* RMEpisodeInfoCollectionViewCellViewModel.swift in Sources */ = {isa = PBXBuildFile; fileRef = 6158D61A2981633F00EF19A5 /* RMEpisodeInfoCollectionViewCellViewModel.swift */; };
		6159B2C8297936B4006A6167 /* Rick_MortyTests.swift in Sources */ = {isa = PBXBuildFile; fileRef = 6159B2C7297936B4006A6167 /* Rick_MortyTests.swift */; };
		6159B2D4297E9722006A6167 /* RMSettingsViewViewModel.swift in Sources */ = {isa = PBXBuildFile; fileRef = 6159B2D3297E9722006A6167 /* RMSettingsViewViewModel.swift */; };
		6159B2D6297E9746006A6167 /* RMSettingsCellViewModel.swift in Sources */ = {isa = PBXBuildFile; fileRef = 6159B2D5297E9746006A6167 /* RMSettingsCellViewModel.swift */; };
		6159B2D8297E9763006A6167 /* RMSettingsOption.swift in Sources */ = {isa = PBXBuildFile; fileRef = 6159B2D7297E9763006A6167 /* RMSettingsOption.swift */; };
		6159B2DB297E9E89006A6167 /* RMSettingsView.swift in Sources */ = {isa = PBXBuildFile; fileRef = 6159B2DA297E9E89006A6167 /* RMSettingsView.swift */; };
		6160DB542982C62300A2B6C8 /* RMLocationView.swift in Sources */ = {isa = PBXBuildFile; fileRef = 6160DB532982C62300A2B6C8 /* RMLocationView.swift */; };
		6160DB562982CAA700A2B6C8 /* RMLocationViewViewModel.swift in Sources */ = {isa = PBXBuildFile; fileRef = 6160DB552982CAA700A2B6C8 /* RMLocationViewViewModel.swift */; };
		6161F9002987B93600A53077 /* RMGetAllLocationsResponse.swift in Sources */ = {isa = PBXBuildFile; fileRef = 6161F8FF2987B93600A53077 /* RMGetAllLocationsResponse.swift */; };
		6161F9022987BF7100A53077 /* RMLocationTableViewCell.swift in Sources */ = {isa = PBXBuildFile; fileRef = 6161F9012987BF7100A53077 /* RMLocationTableViewCell.swift */; };
		6161F9052987C0B100A53077 /* RMLocationTableViewCellViewModel.swift in Sources */ = {isa = PBXBuildFile; fileRef = 6161F9042987C0B100A53077 /* RMLocationTableViewCellViewModel.swift */; };
		6161F9072987DE8100A53077 /* RMLocationDetailViewController.swift in Sources */ = {isa = PBXBuildFile; fileRef = 6161F9062987DE8100A53077 /* RMLocationDetailViewController.swift */; };
		6161F90A29881CB300A53077 /* RMLocationDetailView.swift in Sources */ = {isa = PBXBuildFile; fileRef = 6161F90929881CB300A53077 /* RMLocationDetailView.swift */; };
		6161F90C29881DDE00A53077 /* RMLocationDetailViewViewModel.swift in Sources */ = {isa = PBXBuildFile; fileRef = 6161F90B29881DDE00A53077 /* RMLocationDetailViewViewModel.swift */; };
		6161F90F2989060800A53077 /* RMSearchView.swift in Sources */ = {isa = PBXBuildFile; fileRef = 6161F90E2989060800A53077 /* RMSearchView.swift */; };
		6161F911298906E300A53077 /* RMSearchViewViewModel.swift in Sources */ = {isa = PBXBuildFile; fileRef = 6161F910298906E300A53077 /* RMSearchViewViewModel.swift */; };
		6161F9132989174000A53077 /* RMNosearchResultsView.swift in Sources */ = {isa = PBXBuildFile; fileRef = 6161F9122989174000A53077 /* RMNosearchResultsView.swift */; };
		6161F91629891EA700A53077 /* RMNoSearchResultsViewViewModel.swift in Sources */ = {isa = PBXBuildFile; fileRef = 6161F91529891EA700A53077 /* RMNoSearchResultsViewViewModel.swift */; };
		6161F91829892E9700A53077 /* RMSearchInputView.swift in Sources */ = {isa = PBXBuildFile; fileRef = 6161F91729892E9700A53077 /* RMSearchInputView.swift */; };
		6161F91A29892EC000A53077 /* RMSearchInputViewViewModel.swift in Sources */ = {isa = PBXBuildFile; fileRef = 6161F91929892EC000A53077 /* RMSearchInputViewViewModel.swift */; };
		6163A6232975665E0043B019 /* RMEpisodeDetailViewController.swift in Sources */ = {isa = PBXBuildFile; fileRef = 6163A6222975665E0043B019 /* RMEpisodeDetailViewController.swift */; };
		6163A625297587110043B019 /* RMAPICacheManager.swift in Sources */ = {isa = PBXBuildFile; fileRef = 6163A624297587110043B019 /* RMAPICacheManager.swift */; };
		6163A6272976896F0043B019 /* RMEpisodeDetailViewViewModel.swift in Sources */ = {isa = PBXBuildFile; fileRef = 6163A6262976896E0043B019 /* RMEpisodeDetailViewViewModel.swift */; };
		6163A62929768A1B0043B019 /* RMEpisodeDetailView.swift in Sources */ = {isa = PBXBuildFile; fileRef = 6163A62829768A1B0043B019 /* RMEpisodeDetailView.swift */; };
		618267D9296DC9EF00A18944 /* RMCharacterPhotoCollectionViewCell.swift in Sources */ = {isa = PBXBuildFile; fileRef = 618267D8296DC9EF00A18944 /* RMCharacterPhotoCollectionViewCell.swift */; };
		618267DB296DCA0900A18944 /* RMCharacterInfoCollectionViewCell.swift in Sources */ = {isa = PBXBuildFile; fileRef = 618267DA296DCA0900A18944 /* RMCharacterInfoCollectionViewCell.swift */; };
		618267DD296DCA2B00A18944 /* RMCharacterEpisodeCollectionViewCell.swift in Sources */ = {isa = PBXBuildFile; fileRef = 618267DC296DCA2B00A18944 /* RMCharacterEpisodeCollectionViewCell.swift */; };
		618267E0296DCA8700A18944 /* RMCharacterPhotoCollectionViewCellViewModel.swift in Sources */ = {isa = PBXBuildFile; fileRef = 618267DF296DCA8700A18944 /* RMCharacterPhotoCollectionViewCellViewModel.swift */; };
		618267E2296DCAAC00A18944 /* RMCharacterInfoCollectionViewCellViewModel.swift in Sources */ = {isa = PBXBuildFile; fileRef = 618267E1296DCAAC00A18944 /* RMCharacterInfoCollectionViewCellViewModel.swift */; };
		618267E4296DCACD00A18944 /* RMCharacterEpisodeCollectionViewCellViewModel.swift in Sources */ = {isa = PBXBuildFile; fileRef = 618267E3296DCACD00A18944 /* RMCharacterEpisodeCollectionViewCellViewModel.swift */; };
		61A116332968132B00CFFDDD /* RMFooterLoadingCollectionReusableView.swift in Sources */ = {isa = PBXBuildFile; fileRef = 61A116322968132B00CFFDDD /* RMFooterLoadingCollectionReusableView.swift */; };
		61F81D212966A49000BFBF36 /* RMCharacterCollectionViewCell.swift in Sources */ = {isa = PBXBuildFile; fileRef = 61F81D202966A49000BFBF36 /* RMCharacterCollectionViewCell.swift */; };
		61F81D232966A64600BFBF36 /* RMCharacterCollectionViewCellViewModel.swift in Sources */ = {isa = PBXBuildFile; fileRef = 61F81D222966A64600BFBF36 /* RMCharacterCollectionViewCellViewModel.swift */; };
		61F81D262967382900BFBF36 /* RMCharacterDetailVC.swift in Sources */ = {isa = PBXBuildFile; fileRef = 61F81D252967382900BFBF36 /* RMCharacterDetailVC.swift */; };
		61F81D282967390A00BFBF36 /* RMCharacterDetailView.swift in Sources */ = {isa = PBXBuildFile; fileRef = 61F81D272967390A00BFBF36 /* RMCharacterDetailView.swift */; };
		61F81D2A2967393A00BFBF36 /* RMCharacterDetailViewViewModel.swift in Sources */ = {isa = PBXBuildFile; fileRef = 61F81D292967393A00BFBF36 /* RMCharacterDetailViewViewModel.swift */; };
/* End PBXBuildFile section */

/* Begin PBXContainerItemProxy section */
		6159B2C9297936B4006A6167 /* PBXContainerItemProxy */ = {
			isa = PBXContainerItemProxy;
			containerPortal = 6141F9EB2962FB25005700F3 /* Project object */;
			proxyType = 1;
			remoteGlobalIDString = 6141F9F22962FB25005700F3;
			remoteInfo = "Rick&Morty";
		};
/* End PBXContainerItemProxy section */

/* Begin PBXFileReference section */
		611C20E12976C91600CBB501 /* RMGetAllEpisodesResponse.swift */ = {isa = PBXFileReference; lastKnownFileType = sourcecode.swift; path = RMGetAllEpisodesResponse.swift; sourceTree = "<group>"; };
		6132AF0B2976C01E0058923B /* RMEpisodeListView.swift */ = {isa = PBXFileReference; lastKnownFileType = sourcecode.swift; path = RMEpisodeListView.swift; sourceTree = "<group>"; };
		6132AF0D2976C3E50058923B /* RMEpisodeListViewViewModel.swift */ = {isa = PBXFileReference; lastKnownFileType = sourcecode.swift; path = RMEpisodeListViewViewModel.swift; sourceTree = "<group>"; };
		613C57FB296C8D3A00ED21C8 /* RMImageLoader.swift */ = {isa = PBXFileReference; lastKnownFileType = sourcecode.swift; path = RMImageLoader.swift; sourceTree = "<group>"; };
		6141F9F32962FB25005700F3 /* Rick&Morty.app */ = {isa = PBXFileReference; explicitFileType = wrapper.application; includeInIndex = 0; path = "Rick&Morty.app"; sourceTree = BUILT_PRODUCTS_DIR; };
		6141F9F62962FB25005700F3 /* AppDelegate.swift */ = {isa = PBXFileReference; lastKnownFileType = sourcecode.swift; path = AppDelegate.swift; sourceTree = "<group>"; };
		6141F9F82962FB25005700F3 /* SceneDelegate.swift */ = {isa = PBXFileReference; lastKnownFileType = sourcecode.swift; path = SceneDelegate.swift; sourceTree = "<group>"; };
		6141F9FA2962FB25005700F3 /* TabBarController.swift */ = {isa = PBXFileReference; lastKnownFileType = sourcecode.swift; path = TabBarController.swift; sourceTree = "<group>"; };
		6141F9FF2962FB26005700F3 /* Assets.xcassets */ = {isa = PBXFileReference; lastKnownFileType = folder.assetcatalog; path = Assets.xcassets; sourceTree = "<group>"; };
		6141FA022962FB26005700F3 /* Base */ = {isa = PBXFileReference; lastKnownFileType = file.storyboard; name = Base; path = Base.lproj/LaunchScreen.storyboard; sourceTree = "<group>"; };
		6141FA042962FB26005700F3 /* Info.plist */ = {isa = PBXFileReference; lastKnownFileType = text.plist.xml; path = Info.plist; sourceTree = "<group>"; };
		6141FA1029630295005700F3 /* RMLocation.swift */ = {isa = PBXFileReference; lastKnownFileType = sourcecode.swift; path = RMLocation.swift; sourceTree = "<group>"; };
		6141FA122963029F005700F3 /* RMCharacter.swift */ = {isa = PBXFileReference; lastKnownFileType = sourcecode.swift; path = RMCharacter.swift; sourceTree = "<group>"; };
		6141FA14296302B8005700F3 /* RMEpisode.swift */ = {isa = PBXFileReference; lastKnownFileType = sourcecode.swift; path = RMEpisode.swift; sourceTree = "<group>"; };
		6141FA17296303B5005700F3 /* CharacterVC.swift */ = {isa = PBXFileReference; lastKnownFileType = sourcecode.swift; path = CharacterVC.swift; sourceTree = "<group>"; };
		6141FA1929630429005700F3 /* LocationVC.swift */ = {isa = PBXFileReference; lastKnownFileType = sourcecode.swift; path = LocationVC.swift; sourceTree = "<group>"; };
		6141FA1B29630436005700F3 /* EpisodeVC.swift */ = {isa = PBXFileReference; lastKnownFileType = sourcecode.swift; path = EpisodeVC.swift; sourceTree = "<group>"; };
		6141FA1D29630442005700F3 /* SettingsVC.swift */ = {isa = PBXFileReference; lastKnownFileType = sourcecode.swift; path = SettingsVC.swift; sourceTree = "<group>"; };
		6141FA4F29632407005700F3 /* RMServise.swift */ = {isa = PBXFileReference; lastKnownFileType = sourcecode.swift; path = RMServise.swift; sourceTree = "<group>"; };
		6141FA5129632425005700F3 /* RMRequest.swift */ = {isa = PBXFileReference; lastKnownFileType = sourcecode.swift; path = RMRequest.swift; sourceTree = "<group>"; };
		6141FA5329632590005700F3 /* RMEndPoint.swift */ = {isa = PBXFileReference; lastKnownFileType = sourcecode.swift; path = RMEndPoint.swift; sourceTree = "<group>"; };
		6141FA5529647B3B005700F3 /* RMOrigin.swift */ = {isa = PBXFileReference; lastKnownFileType = sourcecode.swift; path = RMOrigin.swift; sourceTree = "<group>"; };
		6141FA5729647BEA005700F3 /* RMSingleLocation.swift */ = {isa = PBXFileReference; lastKnownFileType = sourcecode.swift; path = RMSingleLocation.swift; sourceTree = "<group>"; };
		6141FA5929647D05005700F3 /* RMCharacterStatus.swift */ = {isa = PBXFileReference; lastKnownFileType = sourcecode.swift; path = RMCharacterStatus.swift; sourceTree = "<group>"; };
		6141FA5B29647E42005700F3 /* RMCharacterGender.swift */ = {isa = PBXFileReference; lastKnownFileType = sourcecode.swift; path = RMCharacterGender.swift; sourceTree = "<group>"; };
		6141FA5F2965CDB4005700F3 /* RMGetAllCharactersResponse.swift */ = {isa = PBXFileReference; lastKnownFileType = sourcecode.swift; path = RMGetAllCharactersResponse.swift; sourceTree = "<group>"; };
		6141FA612965D338005700F3 /* RMCharacterListViewViewModel.swift */ = {isa = PBXFileReference; lastKnownFileType = sourcecode.swift; path = RMCharacterListViewViewModel.swift; sourceTree = "<group>"; };
		6141FA632965E3B3005700F3 /* RMCharacterListView.swift */ = {isa = PBXFileReference; lastKnownFileType = sourcecode.swift; path = RMCharacterListView.swift; sourceTree = "<group>"; };
		6141FA652965F4C4005700F3 /* Extensions.swift */ = {isa = PBXFileReference; lastKnownFileType = sourcecode.swift; path = Extensions.swift; sourceTree = "<group>"; };
		6158D614298141C300EF19A5 /* RMSearchViewController.swift */ = {isa = PBXFileReference; lastKnownFileType = sourcecode.swift; path = RMSearchViewController.swift; sourceTree = "<group>"; };
		6158D6172981630700EF19A5 /* RMEpisodeInfoCollectionViewCell.swift */ = {isa = PBXFileReference; lastKnownFileType = sourcecode.swift; path = RMEpisodeInfoCollectionViewCell.swift; sourceTree = "<group>"; };
		6158D61A2981633F00EF19A5 /* RMEpisodeInfoCollectionViewCellViewModel.swift */ = {isa = PBXFileReference; lastKnownFileType = sourcecode.swift; path = RMEpisodeInfoCollectionViewCellViewModel.swift; sourceTree = "<group>"; };
		6159B2C5297936B3006A6167 /* Rick&MortyTests.xctest */ = {isa = PBXFileReference; explicitFileType = wrapper.cfbundle; includeInIndex = 0; path = "Rick&MortyTests.xctest"; sourceTree = BUILT_PRODUCTS_DIR; };
		6159B2C7297936B4006A6167 /* Rick_MortyTests.swift */ = {isa = PBXFileReference; lastKnownFileType = sourcecode.swift; path = Rick_MortyTests.swift; sourceTree = "<group>"; };
		6159B2D3297E9722006A6167 /* RMSettingsViewViewModel.swift */ = {isa = PBXFileReference; lastKnownFileType = sourcecode.swift; path = RMSettingsViewViewModel.swift; sourceTree = "<group>"; };
		6159B2D5297E9746006A6167 /* RMSettingsCellViewModel.swift */ = {isa = PBXFileReference; lastKnownFileType = sourcecode.swift; path = RMSettingsCellViewModel.swift; sourceTree = "<group>"; };
		6159B2D7297E9763006A6167 /* RMSettingsOption.swift */ = {isa = PBXFileReference; lastKnownFileType = sourcecode.swift; path = RMSettingsOption.swift; sourceTree = "<group>"; };
		6159B2DA297E9E89006A6167 /* RMSettingsView.swift */ = {isa = PBXFileReference; lastKnownFileType = sourcecode.swift; path = RMSettingsView.swift; sourceTree = "<group>"; };
		6160DB532982C62300A2B6C8 /* RMLocationView.swift */ = {isa = PBXFileReference; lastKnownFileType = sourcecode.swift; path = RMLocationView.swift; sourceTree = "<group>"; };
		6160DB552982CAA700A2B6C8 /* RMLocationViewViewModel.swift */ = {isa = PBXFileReference; lastKnownFileType = sourcecode.swift; path = RMLocationViewViewModel.swift; sourceTree = "<group>"; };
		6161F8FF2987B93600A53077 /* RMGetAllLocationsResponse.swift */ = {isa = PBXFileReference; lastKnownFileType = sourcecode.swift; path = RMGetAllLocationsResponse.swift; sourceTree = "<group>"; };
		6161F9012987BF7100A53077 /* RMLocationTableViewCell.swift */ = {isa = PBXFileReference; lastKnownFileType = sourcecode.swift; path = RMLocationTableViewCell.swift; sourceTree = "<group>"; };
		6161F9042987C0B100A53077 /* RMLocationTableViewCellViewModel.swift */ = {isa = PBXFileReference; lastKnownFileType = sourcecode.swift; path = RMLocationTableViewCellViewModel.swift; sourceTree = "<group>"; };
		6161F9062987DE8100A53077 /* RMLocationDetailViewController.swift */ = {isa = PBXFileReference; lastKnownFileType = sourcecode.swift; path = RMLocationDetailViewController.swift; sourceTree = "<group>"; };
		6161F90929881CB300A53077 /* RMLocationDetailView.swift */ = {isa = PBXFileReference; lastKnownFileType = sourcecode.swift; path = RMLocationDetailView.swift; sourceTree = "<group>"; };
		6161F90B29881DDE00A53077 /* RMLocationDetailViewViewModel.swift */ = {isa = PBXFileReference; lastKnownFileType = sourcecode.swift; path = RMLocationDetailViewViewModel.swift; sourceTree = "<group>"; };
		6161F90E2989060800A53077 /* RMSearchView.swift */ = {isa = PBXFileReference; lastKnownFileType = sourcecode.swift; path = RMSearchView.swift; sourceTree = "<group>"; };
		6161F910298906E300A53077 /* RMSearchViewViewModel.swift */ = {isa = PBXFileReference; lastKnownFileType = sourcecode.swift; path = RMSearchViewViewModel.swift; sourceTree = "<group>"; };
		6161F9122989174000A53077 /* RMNosearchResultsView.swift */ = {isa = PBXFileReference; lastKnownFileType = sourcecode.swift; path = RMNosearchResultsView.swift; sourceTree = "<group>"; };
		6161F91529891EA700A53077 /* RMNoSearchResultsViewViewModel.swift */ = {isa = PBXFileReference; lastKnownFileType = sourcecode.swift; path = RMNoSearchResultsViewViewModel.swift; sourceTree = "<group>"; };
		6161F91729892E9700A53077 /* RMSearchInputView.swift */ = {isa = PBXFileReference; lastKnownFileType = sourcecode.swift; path = RMSearchInputView.swift; sourceTree = "<group>"; };
		6161F91929892EC000A53077 /* RMSearchInputViewViewModel.swift */ = {isa = PBXFileReference; lastKnownFileType = sourcecode.swift; path = RMSearchInputViewViewModel.swift; sourceTree = "<group>"; };
		6163A6222975665E0043B019 /* RMEpisodeDetailViewController.swift */ = {isa = PBXFileReference; lastKnownFileType = sourcecode.swift; path = RMEpisodeDetailViewController.swift; sourceTree = "<group>"; };
		6163A624297587110043B019 /* RMAPICacheManager.swift */ = {isa = PBXFileReference; lastKnownFileType = sourcecode.swift; path = RMAPICacheManager.swift; sourceTree = "<group>"; };
		6163A6262976896E0043B019 /* RMEpisodeDetailViewViewModel.swift */ = {isa = PBXFileReference; lastKnownFileType = sourcecode.swift; path = RMEpisodeDetailViewViewModel.swift; sourceTree = "<group>"; };
		6163A62829768A1B0043B019 /* RMEpisodeDetailView.swift */ = {isa = PBXFileReference; lastKnownFileType = sourcecode.swift; path = RMEpisodeDetailView.swift; sourceTree = "<group>"; };
		618267D8296DC9EF00A18944 /* RMCharacterPhotoCollectionViewCell.swift */ = {isa = PBXFileReference; lastKnownFileType = sourcecode.swift; path = RMCharacterPhotoCollectionViewCell.swift; sourceTree = "<group>"; };
		618267DA296DCA0900A18944 /* RMCharacterInfoCollectionViewCell.swift */ = {isa = PBXFileReference; lastKnownFileType = sourcecode.swift; path = RMCharacterInfoCollectionViewCell.swift; sourceTree = "<group>"; };
		618267DC296DCA2B00A18944 /* RMCharacterEpisodeCollectionViewCell.swift */ = {isa = PBXFileReference; lastKnownFileType = sourcecode.swift; path = RMCharacterEpisodeCollectionViewCell.swift; sourceTree = "<group>"; };
		618267DF296DCA8700A18944 /* RMCharacterPhotoCollectionViewCellViewModel.swift */ = {isa = PBXFileReference; lastKnownFileType = sourcecode.swift; path = RMCharacterPhotoCollectionViewCellViewModel.swift; sourceTree = "<group>"; };
		618267E1296DCAAC00A18944 /* RMCharacterInfoCollectionViewCellViewModel.swift */ = {isa = PBXFileReference; lastKnownFileType = sourcecode.swift; path = RMCharacterInfoCollectionViewCellViewModel.swift; sourceTree = "<group>"; };
		618267E3296DCACD00A18944 /* RMCharacterEpisodeCollectionViewCellViewModel.swift */ = {isa = PBXFileReference; lastKnownFileType = sourcecode.swift; path = RMCharacterEpisodeCollectionViewCellViewModel.swift; sourceTree = "<group>"; };
		61A116322968132B00CFFDDD /* RMFooterLoadingCollectionReusableView.swift */ = {isa = PBXFileReference; lastKnownFileType = sourcecode.swift; path = RMFooterLoadingCollectionReusableView.swift; sourceTree = "<group>"; };
		61F81D202966A49000BFBF36 /* RMCharacterCollectionViewCell.swift */ = {isa = PBXFileReference; lastKnownFileType = sourcecode.swift; path = RMCharacterCollectionViewCell.swift; sourceTree = "<group>"; };
		61F81D222966A64600BFBF36 /* RMCharacterCollectionViewCellViewModel.swift */ = {isa = PBXFileReference; lastKnownFileType = sourcecode.swift; path = RMCharacterCollectionViewCellViewModel.swift; sourceTree = "<group>"; };
		61F81D252967382900BFBF36 /* RMCharacterDetailVC.swift */ = {isa = PBXFileReference; lastKnownFileType = sourcecode.swift; path = RMCharacterDetailVC.swift; sourceTree = "<group>"; };
		61F81D272967390A00BFBF36 /* RMCharacterDetailView.swift */ = {isa = PBXFileReference; lastKnownFileType = sourcecode.swift; path = RMCharacterDetailView.swift; sourceTree = "<group>"; };
		61F81D292967393A00BFBF36 /* RMCharacterDetailViewViewModel.swift */ = {isa = PBXFileReference; lastKnownFileType = sourcecode.swift; path = RMCharacterDetailViewViewModel.swift; sourceTree = "<group>"; };
/* End PBXFileReference section */

/* Begin PBXFrameworksBuildPhase section */
		6141F9F02962FB25005700F3 /* Frameworks */ = {
			isa = PBXFrameworksBuildPhase;
			buildActionMask = 2147483647;
			files = (
			);
			runOnlyForDeploymentPostprocessing = 0;
		};
		6159B2C2297936B3006A6167 /* Frameworks */ = {
			isa = PBXFrameworksBuildPhase;
			buildActionMask = 2147483647;
			files = (
			);
			runOnlyForDeploymentPostprocessing = 0;
		};
/* End PBXFrameworksBuildPhase section */

/* Begin PBXGroup section */
		6132AF0A2976BFF40058923B /* Episode */ = {
			isa = PBXGroup;
			children = (
				6132AF0B2976C01E0058923B /* RMEpisodeListView.swift */,
			);
			path = Episode;
			sourceTree = "<group>";
		};
		613C57FA296C8D2400ED21C8 /* Managers */ = {
			isa = PBXGroup;
			children = (
				613C57FB296C8D3A00ED21C8 /* RMImageLoader.swift */,
				6163A624297587110043B019 /* RMAPICacheManager.swift */,
			);
			path = Managers;
			sourceTree = "<group>";
		};
		6141F9EA2962FB25005700F3 = {
			isa = PBXGroup;
			children = (
				6141F9F52962FB25005700F3 /* Rick&Morty */,
				6159B2C6297936B4006A6167 /* Rick&MortyTests */,
				6141F9F42962FB25005700F3 /* Products */,
			);
			sourceTree = "<group>";
		};
		6141F9F42962FB25005700F3 /* Products */ = {
			isa = PBXGroup;
			children = (
				6141F9F32962FB25005700F3 /* Rick&Morty.app */,
				6159B2C5297936B3006A6167 /* Rick&MortyTests.xctest */,
			);
			name = Products;
			sourceTree = "<group>";
		};
		6141F9F52962FB25005700F3 /* Rick&Morty */ = {
			isa = PBXGroup;
			children = (
				6141FA0E29630097005700F3 /* Resourses */,
				613C57FA296C8D2400ED21C8 /* Managers */,
				6141FA0D2963008E005700F3 /* APIClient */,
				6141FA0C2963006F005700F3 /* ViewModels */,
				6141FA0B29630067005700F3 /* Views */,
				6141FA0A2963005D005700F3 /* Models */,
				6141FA0F296300CD005700F3 /* Controllers */,
				6141FA042962FB26005700F3 /* Info.plist */,
			);
			path = "Rick&Morty";
			sourceTree = "<group>";
		};
		6141FA0A2963005D005700F3 /* Models */ = {
			isa = PBXGroup;
			children = (
				6141FA5E2965CD8A005700F3 /* APIResponseTypes */,
				6141FA5D2965CD71005700F3 /* DataTypes */,
			);
			path = Models;
			sourceTree = "<group>";
		};
		6141FA0B29630067005700F3 /* Views */ = {
			isa = PBXGroup;
			children = (
				6161F90D298905EB00A53077 /* Search */,
				6161F90829881C8100A53077 /* LocationDetail */,
				6160DB522982C60B00A2B6C8 /* Location */,
				6158D616298162D100EF19A5 /* EpisodeDetail */,
				6159B2D9297E9E56006A6167 /* SwiftUI */,
				6132AF0A2976BFF40058923B /* Episode */,
				618267D7296DC9A200A18944 /* Character */,
				618267D6296DC98A00A18944 /* CharacterDetails */,
				61A116322968132B00CFFDDD /* RMFooterLoadingCollectionReusableView.swift */,
			);
			path = Views;
			sourceTree = "<group>";
		};
		6141FA0C2963006F005700F3 /* ViewModels */ = {
			isa = PBXGroup;
			children = (
				6161F9142989176500A53077 /* Search */,
				6161F9032987C05A00A53077 /* Locations */,
				6158D6192981632B00EF19A5 /* EpisodeDetail */,
				6159B2D2297E970B006A6167 /* Settings */,
				618267DE296DCA3B00A18944 /* CharacterDetail */,
				6141FA612965D338005700F3 /* RMCharacterListViewViewModel.swift */,
				61F81D222966A64600BFBF36 /* RMCharacterCollectionViewCellViewModel.swift */,
				6132AF0D2976C3E50058923B /* RMEpisodeListViewViewModel.swift */,
			);
			path = ViewModels;
			sourceTree = "<group>";
		};
		6141FA0D2963008E005700F3 /* APIClient */ = {
			isa = PBXGroup;
			children = (
				6141FA4F29632407005700F3 /* RMServise.swift */,
				6141FA5129632425005700F3 /* RMRequest.swift */,
				6141FA5329632590005700F3 /* RMEndPoint.swift */,
			);
			path = APIClient;
			sourceTree = "<group>";
		};
		6141FA0E29630097005700F3 /* Resourses */ = {
			isa = PBXGroup;
			children = (
				6141F9FF2962FB26005700F3 /* Assets.xcassets */,
				6141FA012962FB26005700F3 /* LaunchScreen.storyboard */,
				6141F9F62962FB25005700F3 /* AppDelegate.swift */,
				6141F9F82962FB25005700F3 /* SceneDelegate.swift */,
				6141FA652965F4C4005700F3 /* Extensions.swift */,
			);
			path = Resourses;
			sourceTree = "<group>";
		};
		6141FA0F296300CD005700F3 /* Controllers */ = {
			isa = PBXGroup;
			children = (
				61F81D24296737D800BFBF36 /* Other */,
				6141FA1629630310005700F3 /* Core */,
			);
			path = Controllers;
			sourceTree = "<group>";
		};
		6141FA1629630310005700F3 /* Core */ = {
			isa = PBXGroup;
			children = (
				6141F9FA2962FB25005700F3 /* TabBarController.swift */,
				6141FA17296303B5005700F3 /* CharacterVC.swift */,
				6141FA1929630429005700F3 /* LocationVC.swift */,
				6141FA1B29630436005700F3 /* EpisodeVC.swift */,
				6141FA1D29630442005700F3 /* SettingsVC.swift */,
			);
			path = Core;
			sourceTree = "<group>";
		};
		6141FA5D2965CD71005700F3 /* DataTypes */ = {
			isa = PBXGroup;
			children = (
				6141FA1029630295005700F3 /* RMLocation.swift */,
				6141FA122963029F005700F3 /* RMCharacter.swift */,
				6141FA14296302B8005700F3 /* RMEpisode.swift */,
				6141FA5529647B3B005700F3 /* RMOrigin.swift */,
				6141FA5729647BEA005700F3 /* RMSingleLocation.swift */,
				6141FA5929647D05005700F3 /* RMCharacterStatus.swift */,
				6141FA5B29647E42005700F3 /* RMCharacterGender.swift */,
			);
			path = DataTypes;
			sourceTree = "<group>";
		};
		6141FA5E2965CD8A005700F3 /* APIResponseTypes */ = {
			isa = PBXGroup;
			children = (
				6141FA5F2965CDB4005700F3 /* RMGetAllCharactersResponse.swift */,
				611C20E12976C91600CBB501 /* RMGetAllEpisodesResponse.swift */,
				6161F8FF2987B93600A53077 /* RMGetAllLocationsResponse.swift */,
			);
			path = APIResponseTypes;
			sourceTree = "<group>";
		};
		6158D616298162D100EF19A5 /* EpisodeDetail */ = {
			isa = PBXGroup;
			children = (
				6163A62829768A1B0043B019 /* RMEpisodeDetailView.swift */,
				6158D6172981630700EF19A5 /* RMEpisodeInfoCollectionViewCell.swift */,
			);
			path = EpisodeDetail;
			sourceTree = "<group>";
		};
		6158D6192981632B00EF19A5 /* EpisodeDetail */ = {
			isa = PBXGroup;
			children = (
				6163A6262976896E0043B019 /* RMEpisodeDetailViewViewModel.swift */,
				6158D61A2981633F00EF19A5 /* RMEpisodeInfoCollectionViewCellViewModel.swift */,
			);
			path = EpisodeDetail;
			sourceTree = "<group>";
		};
		6159B2C6297936B4006A6167 /* Rick&MortyTests */ = {
			isa = PBXGroup;
			children = (
				6159B2C7297936B4006A6167 /* Rick_MortyTests.swift */,
			);
			path = "Rick&MortyTests";
			sourceTree = "<group>";
		};
		6159B2D2297E970B006A6167 /* Settings */ = {
			isa = PBXGroup;
			children = (
				6159B2D3297E9722006A6167 /* RMSettingsViewViewModel.swift */,
				6159B2D5297E9746006A6167 /* RMSettingsCellViewModel.swift */,
				6159B2D7297E9763006A6167 /* RMSettingsOption.swift */,
			);
			path = Settings;
			sourceTree = "<group>";
		};
		6159B2D9297E9E56006A6167 /* SwiftUI */ = {
			isa = PBXGroup;
			children = (
				6159B2DA297E9E89006A6167 /* RMSettingsView.swift */,
			);
			path = SwiftUI;
			sourceTree = "<group>";
		};
		6160DB522982C60B00A2B6C8 /* Location */ = {
			isa = PBXGroup;
			children = (
				6160DB532982C62300A2B6C8 /* RMLocationView.swift */,
				6161F9012987BF7100A53077 /* RMLocationTableViewCell.swift */,
			);
			path = Location;
			sourceTree = "<group>";
		};
		6161F9032987C05A00A53077 /* Locations */ = {
			isa = PBXGroup;
			children = (
				6160DB552982CAA700A2B6C8 /* RMLocationViewViewModel.swift */,
				6161F9042987C0B100A53077 /* RMLocationTableViewCellViewModel.swift */,
				6161F90B29881DDE00A53077 /* RMLocationDetailViewViewModel.swift */,
			);
			path = Locations;
			sourceTree = "<group>";
		};
		6161F90829881C8100A53077 /* LocationDetail */ = {
			isa = PBXGroup;
			children = (
				6161F90929881CB300A53077 /* RMLocationDetailView.swift */,
			);
			path = LocationDetail;
			sourceTree = "<group>";
		};
		6161F90D298905EB00A53077 /* Search */ = {
			isa = PBXGroup;
			children = (
				6161F90E2989060800A53077 /* RMSearchView.swift */,
				6161F9122989174000A53077 /* RMNosearchResultsView.swift */,
				6161F91729892E9700A53077 /* RMSearchInputView.swift */,
			);
			path = Search;
			sourceTree = "<group>";
		};
		6161F9142989176500A53077 /* Search */ = {
			isa = PBXGroup;
			children = (
				6161F910298906E300A53077 /* RMSearchViewViewModel.swift */,
				6161F91529891EA700A53077 /* RMNoSearchResultsViewViewModel.swift */,
				6161F91929892EC000A53077 /* RMSearchInputViewViewModel.swift */,
			);
			path = Search;
			sourceTree = "<group>";
		};
		618267D6296DC98A00A18944 /* CharacterDetails */ = {
			isa = PBXGroup;
			children = (
				61F81D272967390A00BFBF36 /* RMCharacterDetailView.swift */,
				618267D8296DC9EF00A18944 /* RMCharacterPhotoCollectionViewCell.swift */,
				618267DA296DCA0900A18944 /* RMCharacterInfoCollectionViewCell.swift */,
				618267DC296DCA2B00A18944 /* RMCharacterEpisodeCollectionViewCell.swift */,
			);
			path = CharacterDetails;
			sourceTree = "<group>";
		};
		618267D7296DC9A200A18944 /* Character */ = {
			isa = PBXGroup;
			children = (
				6141FA632965E3B3005700F3 /* RMCharacterListView.swift */,
				61F81D202966A49000BFBF36 /* RMCharacterCollectionViewCell.swift */,
			);
			path = Character;
			sourceTree = "<group>";
		};
		618267DE296DCA3B00A18944 /* CharacterDetail */ = {
			isa = PBXGroup;
			children = (
				61F81D292967393A00BFBF36 /* RMCharacterDetailViewViewModel.swift */,
				618267DF296DCA8700A18944 /* RMCharacterPhotoCollectionViewCellViewModel.swift */,
				618267E1296DCAAC00A18944 /* RMCharacterInfoCollectionViewCellViewModel.swift */,
				618267E3296DCACD00A18944 /* RMCharacterEpisodeCollectionViewCellViewModel.swift */,
			);
			path = CharacterDetail;
			sourceTree = "<group>";
		};
		61F81D24296737D800BFBF36 /* Other */ = {
			isa = PBXGroup;
			children = (
				61F81D252967382900BFBF36 /* RMCharacterDetailVC.swift */,
				6163A6222975665E0043B019 /* RMEpisodeDetailViewController.swift */,
				6158D614298141C300EF19A5 /* RMSearchViewController.swift */,
				6161F9062987DE8100A53077 /* RMLocationDetailViewController.swift */,
			);
			path = Other;
			sourceTree = "<group>";
		};
/* End PBXGroup section */

/* Begin PBXNativeTarget section */
		6141F9F22962FB25005700F3 /* Rick&Morty */ = {
			isa = PBXNativeTarget;
			buildConfigurationList = 6141FA072962FB26005700F3 /* Build configuration list for PBXNativeTarget "Rick&Morty" */;
			buildPhases = (
				6141F9EF2962FB25005700F3 /* Sources */,
				6141F9F02962FB25005700F3 /* Frameworks */,
				6141F9F12962FB25005700F3 /* Resources */,
			);
			buildRules = (
			);
			dependencies = (
			);
			name = "Rick&Morty";
			productName = "Rick&Morty";
			productReference = 6141F9F32962FB25005700F3 /* Rick&Morty.app */;
			productType = "com.apple.product-type.application";
		};
		6159B2C4297936B3006A6167 /* Rick&MortyTests */ = {
			isa = PBXNativeTarget;
			buildConfigurationList = 6159B2CD297936B4006A6167 /* Build configuration list for PBXNativeTarget "Rick&MortyTests" */;
			buildPhases = (
				6159B2C1297936B3006A6167 /* Sources */,
				6159B2C2297936B3006A6167 /* Frameworks */,
				6159B2C3297936B3006A6167 /* Resources */,
			);
			buildRules = (
			);
			dependencies = (
				6159B2CA297936B4006A6167 /* PBXTargetDependency */,
			);
			name = "Rick&MortyTests";
			productName = "Rick&MortyTests";
			productReference = 6159B2C5297936B3006A6167 /* Rick&MortyTests.xctest */;
			productType = "com.apple.product-type.bundle.unit-test";
		};
/* End PBXNativeTarget section */

/* Begin PBXProject section */
		6141F9EB2962FB25005700F3 /* Project object */ = {
			isa = PBXProject;
			attributes = {
				BuildIndependentTargetsInParallel = 1;
				LastSwiftUpdateCheck = 1410;
				LastUpgradeCheck = 1410;
				TargetAttributes = {
					6141F9F22962FB25005700F3 = {
						CreatedOnToolsVersion = 14.1;
					};
					6159B2C4297936B3006A6167 = {
						CreatedOnToolsVersion = 14.1;
						TestTargetID = 6141F9F22962FB25005700F3;
					};
				};
			};
			buildConfigurationList = 6141F9EE2962FB25005700F3 /* Build configuration list for PBXProject "Rick&Morty" */;
			compatibilityVersion = "Xcode 14.0";
			developmentRegion = en;
			hasScannedForEncodings = 0;
			knownRegions = (
				en,
				Base,
			);
			mainGroup = 6141F9EA2962FB25005700F3;
			productRefGroup = 6141F9F42962FB25005700F3 /* Products */;
			projectDirPath = "";
			projectRoot = "";
			targets = (
				6141F9F22962FB25005700F3 /* Rick&Morty */,
				6159B2C4297936B3006A6167 /* Rick&MortyTests */,
			);
		};
/* End PBXProject section */

/* Begin PBXResourcesBuildPhase section */
		6141F9F12962FB25005700F3 /* Resources */ = {
			isa = PBXResourcesBuildPhase;
			buildActionMask = 2147483647;
			files = (
				6141FA032962FB26005700F3 /* LaunchScreen.storyboard in Resources */,
				6141FA002962FB26005700F3 /* Assets.xcassets in Resources */,
			);
			runOnlyForDeploymentPostprocessing = 0;
		};
		6159B2C3297936B3006A6167 /* Resources */ = {
			isa = PBXResourcesBuildPhase;
			buildActionMask = 2147483647;
			files = (
			);
			runOnlyForDeploymentPostprocessing = 0;
		};
/* End PBXResourcesBuildPhase section */

/* Begin PBXSourcesBuildPhase section */
		6141F9EF2962FB25005700F3 /* Sources */ = {
			isa = PBXSourcesBuildPhase;
			buildActionMask = 2147483647;
			files = (
				6158D61B2981633F00EF19A5 /* RMEpisodeInfoCollectionViewCellViewModel.swift in Sources */,
				6141FA602965CDB4005700F3 /* RMGetAllCharactersResponse.swift in Sources */,
				61F81D2A2967393A00BFBF36 /* RMCharacterDetailViewViewModel.swift in Sources */,
				6141FA5429632590005700F3 /* RMEndPoint.swift in Sources */,
				6161F911298906E300A53077 /* RMSearchViewViewModel.swift in Sources */,
				613C57FC296C8D3A00ED21C8 /* RMImageLoader.swift in Sources */,
				6161F91629891EA700A53077 /* RMNoSearchResultsViewViewModel.swift in Sources */,
				6141FA642965E3B3005700F3 /* RMCharacterListView.swift in Sources */,
				6159B2D4297E9722006A6167 /* RMSettingsViewViewModel.swift in Sources */,
				6141FA15296302B8005700F3 /* RMEpisode.swift in Sources */,
				6161F90C29881DDE00A53077 /* RMLocationDetailViewViewModel.swift in Sources */,
				6141FA5A29647D05005700F3 /* RMCharacterStatus.swift in Sources */,
				6141FA5C29647E42005700F3 /* RMCharacterGender.swift in Sources */,
				6141FA5229632425005700F3 /* RMRequest.swift in Sources */,
				6161F9132989174000A53077 /* RMNosearchResultsView.swift in Sources */,
				6132AF0C2976C01E0058923B /* RMEpisodeListView.swift in Sources */,
				61A116332968132B00CFFDDD /* RMFooterLoadingCollectionReusableView.swift in Sources */,
				6161F9002987B93600A53077 /* RMGetAllLocationsResponse.swift in Sources */,
				6141FA132963029F005700F3 /* RMCharacter.swift in Sources */,
				6161F9022987BF7100A53077 /* RMLocationTableViewCell.swift in Sources */,
				618267DB296DCA0900A18944 /* RMCharacterInfoCollectionViewCell.swift in Sources */,
				6141FA1C29630436005700F3 /* EpisodeVC.swift in Sources */,
				61F81D212966A49000BFBF36 /* RMCharacterCollectionViewCell.swift in Sources */,
				6161F9072987DE8100A53077 /* RMLocationDetailViewController.swift in Sources */,
				6161F91A29892EC000A53077 /* RMSearchInputViewViewModel.swift in Sources */,
				618267E2296DCAAC00A18944 /* RMCharacterInfoCollectionViewCellViewModel.swift in Sources */,
				6141FA5029632407005700F3 /* RMServise.swift in Sources */,
				6141F9FB2962FB25005700F3 /* TabBarController.swift in Sources */,
				6141FA5829647BEA005700F3 /* RMSingleLocation.swift in Sources */,
				6159B2DB297E9E89006A6167 /* RMSettingsView.swift in Sources */,
				6141F9F72962FB25005700F3 /* AppDelegate.swift in Sources */,
				618267D9296DC9EF00A18944 /* RMCharacterPhotoCollectionViewCell.swift in Sources */,
				6158D615298141C300EF19A5 /* RMSearchViewController.swift in Sources */,
				618267E4296DCACD00A18944 /* RMCharacterEpisodeCollectionViewCellViewModel.swift in Sources */,
				6141FA662965F4C4005700F3 /* Extensions.swift in Sources */,
				6161F90F2989060800A53077 /* RMSearchView.swift in Sources */,
				6141F9F92962FB25005700F3 /* SceneDelegate.swift in Sources */,
				618267E0296DCA8700A18944 /* RMCharacterPhotoCollectionViewCellViewModel.swift in Sources */,
				6161F91829892E9700A53077 /* RMSearchInputView.swift in Sources */,
				6141FA1A29630429005700F3 /* LocationVC.swift in Sources */,
				6141FA18296303B5005700F3 /* CharacterVC.swift in Sources */,
				6141FA1129630295005700F3 /* RMLocation.swift in Sources */,
				6163A6232975665E0043B019 /* RMEpisodeDetailViewController.swift in Sources */,
				6159B2D8297E9763006A6167 /* RMSettingsOption.swift in Sources */,
				6163A62929768A1B0043B019 /* RMEpisodeDetailView.swift in Sources */,
				6161F90A29881CB300A53077 /* RMLocationDetailView.swift in Sources */,
				6161F9052987C0B100A53077 /* RMLocationTableViewCellViewModel.swift in Sources */,
				61F81D232966A64600BFBF36 /* RMCharacterCollectionViewCellViewModel.swift in Sources */,
				61F81D262967382900BFBF36 /* RMCharacterDetailVC.swift in Sources */,
				6141FA1E29630442005700F3 /* SettingsVC.swift in Sources */,
				6141FA622965D338005700F3 /* RMCharacterListViewViewModel.swift in Sources */,
				618267DD296DCA2B00A18944 /* RMCharacterEpisodeCollectionViewCell.swift in Sources */,
				6159B2D6297E9746006A6167 /* RMSettingsCellViewModel.swift in Sources */,
				6160DB542982C62300A2B6C8 /* RMLocationView.swift in Sources */,
				6141FA5629647B3B005700F3 /* RMOrigin.swift in Sources */,
				6132AF0E2976C3E50058923B /* RMEpisodeListViewViewModel.swift in Sources */,
				6163A625297587110043B019 /* RMAPICacheManager.swift in Sources */,
				611C20E22976C91600CBB501 /* RMGetAllEpisodesResponse.swift in Sources */,
				6163A6272976896F0043B019 /* RMEpisodeDetailViewViewModel.swift in Sources */,
				6158D6182981630700EF19A5 /* RMEpisodeInfoCollectionViewCell.swift in Sources */,
				61F81D282967390A00BFBF36 /* RMCharacterDetailView.swift in Sources */,
				6160DB562982CAA700A2B6C8 /* RMLocationViewViewModel.swift in Sources */,
			);
			runOnlyForDeploymentPostprocessing = 0;
		};
		6159B2C1297936B3006A6167 /* Sources */ = {
			isa = PBXSourcesBuildPhase;
			buildActionMask = 2147483647;
			files = (
				6159B2C8297936B4006A6167 /* Rick_MortyTests.swift in Sources */,
			);
			runOnlyForDeploymentPostprocessing = 0;
		};
/* End PBXSourcesBuildPhase section */

/* Begin PBXTargetDependency section */
		6159B2CA297936B4006A6167 /* PBXTargetDependency */ = {
			isa = PBXTargetDependency;
			target = 6141F9F22962FB25005700F3 /* Rick&Morty */;
			targetProxy = 6159B2C9297936B4006A6167 /* PBXContainerItemProxy */;
		};
/* End PBXTargetDependency section */

/* Begin PBXVariantGroup section */
		6141FA012962FB26005700F3 /* LaunchScreen.storyboard */ = {
			isa = PBXVariantGroup;
			children = (
				6141FA022962FB26005700F3 /* Base */,
			);
			name = LaunchScreen.storyboard;
			sourceTree = "<group>";
		};
/* End PBXVariantGroup section */

/* Begin XCBuildConfiguration section */
		6141FA052962FB26005700F3 /* Debug */ = {
			isa = XCBuildConfiguration;
			buildSettings = {
				ALWAYS_SEARCH_USER_PATHS = NO;
				CLANG_ANALYZER_NONNULL = YES;
				CLANG_ANALYZER_NUMBER_OBJECT_CONVERSION = YES_AGGRESSIVE;
				CLANG_CXX_LANGUAGE_STANDARD = "gnu++20";
				CLANG_ENABLE_MODULES = YES;
				CLANG_ENABLE_OBJC_ARC = YES;
				CLANG_ENABLE_OBJC_WEAK = YES;
				CLANG_WARN_BLOCK_CAPTURE_AUTORELEASING = YES;
				CLANG_WARN_BOOL_CONVERSION = YES;
				CLANG_WARN_COMMA = YES;
				CLANG_WARN_CONSTANT_CONVERSION = YES;
				CLANG_WARN_DEPRECATED_OBJC_IMPLEMENTATIONS = YES;
				CLANG_WARN_DIRECT_OBJC_ISA_USAGE = YES_ERROR;
				CLANG_WARN_DOCUMENTATION_COMMENTS = YES;
				CLANG_WARN_EMPTY_BODY = YES;
				CLANG_WARN_ENUM_CONVERSION = YES;
				CLANG_WARN_INFINITE_RECURSION = YES;
				CLANG_WARN_INT_CONVERSION = YES;
				CLANG_WARN_NON_LITERAL_NULL_CONVERSION = YES;
				CLANG_WARN_OBJC_IMPLICIT_RETAIN_SELF = YES;
				CLANG_WARN_OBJC_LITERAL_CONVERSION = YES;
				CLANG_WARN_OBJC_ROOT_CLASS = YES_ERROR;
				CLANG_WARN_QUOTED_INCLUDE_IN_FRAMEWORK_HEADER = YES;
				CLANG_WARN_RANGE_LOOP_ANALYSIS = YES;
				CLANG_WARN_STRICT_PROTOTYPES = YES;
				CLANG_WARN_SUSPICIOUS_MOVE = YES;
				CLANG_WARN_UNGUARDED_AVAILABILITY = YES_AGGRESSIVE;
				CLANG_WARN_UNREACHABLE_CODE = YES;
				CLANG_WARN__DUPLICATE_METHOD_MATCH = YES;
				COPY_PHASE_STRIP = NO;
				DEBUG_INFORMATION_FORMAT = dwarf;
				ENABLE_STRICT_OBJC_MSGSEND = YES;
				ENABLE_TESTABILITY = YES;
				GCC_C_LANGUAGE_STANDARD = gnu11;
				GCC_DYNAMIC_NO_PIC = NO;
				GCC_NO_COMMON_BLOCKS = YES;
				GCC_OPTIMIZATION_LEVEL = 0;
				GCC_PREPROCESSOR_DEFINITIONS = (
					"DEBUG=1",
					"$(inherited)",
				);
				GCC_WARN_64_TO_32_BIT_CONVERSION = YES;
				GCC_WARN_ABOUT_RETURN_TYPE = YES_ERROR;
				GCC_WARN_UNDECLARED_SELECTOR = YES;
				GCC_WARN_UNINITIALIZED_AUTOS = YES_AGGRESSIVE;
				GCC_WARN_UNUSED_FUNCTION = YES;
				GCC_WARN_UNUSED_VARIABLE = YES;
				IPHONEOS_DEPLOYMENT_TARGET = 16.1;
				MTL_ENABLE_DEBUG_INFO = INCLUDE_SOURCE;
				MTL_FAST_MATH = YES;
				ONLY_ACTIVE_ARCH = YES;
				SDKROOT = iphoneos;
				SWIFT_ACTIVE_COMPILATION_CONDITIONS = DEBUG;
				SWIFT_OPTIMIZATION_LEVEL = "-Onone";
			};
			name = Debug;
		};
		6141FA062962FB26005700F3 /* Release */ = {
			isa = XCBuildConfiguration;
			buildSettings = {
				ALWAYS_SEARCH_USER_PATHS = NO;
				CLANG_ANALYZER_NONNULL = YES;
				CLANG_ANALYZER_NUMBER_OBJECT_CONVERSION = YES_AGGRESSIVE;
				CLANG_CXX_LANGUAGE_STANDARD = "gnu++20";
				CLANG_ENABLE_MODULES = YES;
				CLANG_ENABLE_OBJC_ARC = YES;
				CLANG_ENABLE_OBJC_WEAK = YES;
				CLANG_WARN_BLOCK_CAPTURE_AUTORELEASING = YES;
				CLANG_WARN_BOOL_CONVERSION = YES;
				CLANG_WARN_COMMA = YES;
				CLANG_WARN_CONSTANT_CONVERSION = YES;
				CLANG_WARN_DEPRECATED_OBJC_IMPLEMENTATIONS = YES;
				CLANG_WARN_DIRECT_OBJC_ISA_USAGE = YES_ERROR;
				CLANG_WARN_DOCUMENTATION_COMMENTS = YES;
				CLANG_WARN_EMPTY_BODY = YES;
				CLANG_WARN_ENUM_CONVERSION = YES;
				CLANG_WARN_INFINITE_RECURSION = YES;
				CLANG_WARN_INT_CONVERSION = YES;
				CLANG_WARN_NON_LITERAL_NULL_CONVERSION = YES;
				CLANG_WARN_OBJC_IMPLICIT_RETAIN_SELF = YES;
				CLANG_WARN_OBJC_LITERAL_CONVERSION = YES;
				CLANG_WARN_OBJC_ROOT_CLASS = YES_ERROR;
				CLANG_WARN_QUOTED_INCLUDE_IN_FRAMEWORK_HEADER = YES;
				CLANG_WARN_RANGE_LOOP_ANALYSIS = YES;
				CLANG_WARN_STRICT_PROTOTYPES = YES;
				CLANG_WARN_SUSPICIOUS_MOVE = YES;
				CLANG_WARN_UNGUARDED_AVAILABILITY = YES_AGGRESSIVE;
				CLANG_WARN_UNREACHABLE_CODE = YES;
				CLANG_WARN__DUPLICATE_METHOD_MATCH = YES;
				COPY_PHASE_STRIP = NO;
				DEBUG_INFORMATION_FORMAT = "dwarf-with-dsym";
				ENABLE_NS_ASSERTIONS = NO;
				ENABLE_STRICT_OBJC_MSGSEND = YES;
				GCC_C_LANGUAGE_STANDARD = gnu11;
				GCC_NO_COMMON_BLOCKS = YES;
				GCC_WARN_64_TO_32_BIT_CONVERSION = YES;
				GCC_WARN_ABOUT_RETURN_TYPE = YES_ERROR;
				GCC_WARN_UNDECLARED_SELECTOR = YES;
				GCC_WARN_UNINITIALIZED_AUTOS = YES_AGGRESSIVE;
				GCC_WARN_UNUSED_FUNCTION = YES;
				GCC_WARN_UNUSED_VARIABLE = YES;
				IPHONEOS_DEPLOYMENT_TARGET = 16.1;
				MTL_ENABLE_DEBUG_INFO = NO;
				MTL_FAST_MATH = YES;
				SDKROOT = iphoneos;
				SWIFT_COMPILATION_MODE = wholemodule;
				SWIFT_OPTIMIZATION_LEVEL = "-O";
				VALIDATE_PRODUCT = YES;
			};
			name = Release;
		};
		6141FA082962FB26005700F3 /* Debug */ = {
			isa = XCBuildConfiguration;
			buildSettings = {
				ASSETCATALOG_COMPILER_APPICON_NAME = AppIcon;
				ASSETCATALOG_COMPILER_GLOBAL_ACCENT_COLOR_NAME = AccentColor;
				CODE_SIGN_STYLE = Automatic;
				CURRENT_PROJECT_VERSION = 1;
				DEVELOPMENT_TEAM = AVC9NB9GLX;
				GENERATE_INFOPLIST_FILE = YES;
				INFOPLIST_FILE = "Rick&Morty/Info.plist";
				INFOPLIST_KEY_CFBundleDisplayName = "Rick & Morty";
				INFOPLIST_KEY_LSApplicationCategoryType = "public.app-category.entertainment";
				INFOPLIST_KEY_UIApplicationSupportsIndirectInputEvents = YES;
				INFOPLIST_KEY_UILaunchStoryboardName = LaunchScreen;
				INFOPLIST_KEY_UISupportedInterfaceOrientations = UIInterfaceOrientationPortrait;
				INFOPLIST_KEY_UISupportedInterfaceOrientations_iPad = "UIInterfaceOrientationLandscapeLeft UIInterfaceOrientationLandscapeRight UIInterfaceOrientationPortrait UIInterfaceOrientationPortraitUpsideDown";
				LD_RUNPATH_SEARCH_PATHS = (
					"$(inherited)",
					"@executable_path/Frameworks",
				);
				MARKETING_VERSION = 1.0;
				PRODUCT_BUNDLE_IDENTIFIER = "ivanenko2010-gmail.com.Rick-Morty";
				PRODUCT_NAME = "$(TARGET_NAME)";
				SUPPORTED_PLATFORMS = "iphoneos iphonesimulator";
				SUPPORTS_MACCATALYST = NO;
				SUPPORTS_MAC_DESIGNED_FOR_IPHONE_IPAD = NO;
				SWIFT_EMIT_LOC_STRINGS = YES;
				SWIFT_VERSION = 5.0;
				TARGETED_DEVICE_FAMILY = 1;
			};
			name = Debug;
		};
		6141FA092962FB26005700F3 /* Release */ = {
			isa = XCBuildConfiguration;
			buildSettings = {
				ASSETCATALOG_COMPILER_APPICON_NAME = AppIcon;
				ASSETCATALOG_COMPILER_GLOBAL_ACCENT_COLOR_NAME = AccentColor;
				CODE_SIGN_STYLE = Automatic;
				CURRENT_PROJECT_VERSION = 1;
				DEVELOPMENT_TEAM = AVC9NB9GLX;
				GENERATE_INFOPLIST_FILE = YES;
				INFOPLIST_FILE = "Rick&Morty/Info.plist";
				INFOPLIST_KEY_CFBundleDisplayName = "Rick & Morty";
				INFOPLIST_KEY_LSApplicationCategoryType = "public.app-category.entertainment";
				INFOPLIST_KEY_UIApplicationSupportsIndirectInputEvents = YES;
				INFOPLIST_KEY_UILaunchStoryboardName = LaunchScreen;
				INFOPLIST_KEY_UISupportedInterfaceOrientations = UIInterfaceOrientationPortrait;
				INFOPLIST_KEY_UISupportedInterfaceOrientations_iPad = "UIInterfaceOrientationLandscapeLeft UIInterfaceOrientationLandscapeRight UIInterfaceOrientationPortrait UIInterfaceOrientationPortraitUpsideDown";
				LD_RUNPATH_SEARCH_PATHS = (
					"$(inherited)",
					"@executable_path/Frameworks",
				);
				MARKETING_VERSION = 1.0;
				PRODUCT_BUNDLE_IDENTIFIER = "ivanenko2010-gmail.com.Rick-Morty";
				PRODUCT_NAME = "$(TARGET_NAME)";
				SUPPORTED_PLATFORMS = "iphoneos iphonesimulator";
				SUPPORTS_MACCATALYST = NO;
				SUPPORTS_MAC_DESIGNED_FOR_IPHONE_IPAD = NO;
				SWIFT_EMIT_LOC_STRINGS = YES;
				SWIFT_VERSION = 5.0;
				TARGETED_DEVICE_FAMILY = 1;
			};
			name = Release;
		};
		6159B2CB297936B4006A6167 /* Debug */ = {
			isa = XCBuildConfiguration;
			buildSettings = {
				BUNDLE_LOADER = "$(TEST_HOST)";
				CODE_SIGN_STYLE = Automatic;
				CURRENT_PROJECT_VERSION = 1;
				DEVELOPMENT_TEAM = AVC9NB9GLX;
				GENERATE_INFOPLIST_FILE = YES;
				MARKETING_VERSION = 1.0;
				PRODUCT_BUNDLE_IDENTIFIER = "ivanenko2010-gmail.com.Rick-MortyTests";
				PRODUCT_NAME = "$(TARGET_NAME)";
				SUPPORTED_PLATFORMS = "iphoneos iphonesimulator";
				SUPPORTS_MACCATALYST = NO;
				SUPPORTS_MAC_DESIGNED_FOR_IPHONE_IPAD = NO;
				SWIFT_EMIT_LOC_STRINGS = NO;
				SWIFT_VERSION = 5.0;
				TARGETED_DEVICE_FAMILY = 1;
				TEST_HOST = "$(BUILT_PRODUCTS_DIR)/Rick&Morty.app/$(BUNDLE_EXECUTABLE_FOLDER_PATH)/Rick&Morty";
			};
			name = Debug;
		};
		6159B2CC297936B4006A6167 /* Release */ = {
			isa = XCBuildConfiguration;
			buildSettings = {
				BUNDLE_LOADER = "$(TEST_HOST)";
				CODE_SIGN_STYLE = Automatic;
				CURRENT_PROJECT_VERSION = 1;
				DEVELOPMENT_TEAM = AVC9NB9GLX;
				GENERATE_INFOPLIST_FILE = YES;
				MARKETING_VERSION = 1.0;
				PRODUCT_BUNDLE_IDENTIFIER = "ivanenko2010-gmail.com.Rick-MortyTests";
				PRODUCT_NAME = "$(TARGET_NAME)";
				SUPPORTED_PLATFORMS = "iphoneos iphonesimulator";
				SUPPORTS_MACCATALYST = NO;
				SUPPORTS_MAC_DESIGNED_FOR_IPHONE_IPAD = NO;
				SWIFT_EMIT_LOC_STRINGS = NO;
				SWIFT_VERSION = 5.0;
				TARGETED_DEVICE_FAMILY = 1;
				TEST_HOST = "$(BUILT_PRODUCTS_DIR)/Rick&Morty.app/$(BUNDLE_EXECUTABLE_FOLDER_PATH)/Rick&Morty";
			};
			name = Release;
		};
/* End XCBuildConfiguration section */

/* Begin XCConfigurationList section */
		6141F9EE2962FB25005700F3 /* Build configuration list for PBXProject "Rick&Morty" */ = {
			isa = XCConfigurationList;
			buildConfigurations = (
				6141FA052962FB26005700F3 /* Debug */,
				6141FA062962FB26005700F3 /* Release */,
			);
			defaultConfigurationIsVisible = 0;
			defaultConfigurationName = Release;
		};
		6141FA072962FB26005700F3 /* Build configuration list for PBXNativeTarget "Rick&Morty" */ = {
			isa = XCConfigurationList;
			buildConfigurations = (
				6141FA082962FB26005700F3 /* Debug */,
				6141FA092962FB26005700F3 /* Release */,
			);
			defaultConfigurationIsVisible = 0;
			defaultConfigurationName = Release;
		};
		6159B2CD297936B4006A6167 /* Build configuration list for PBXNativeTarget "Rick&MortyTests" */ = {
			isa = XCConfigurationList;
			buildConfigurations = (
				6159B2CB297936B4006A6167 /* Debug */,
				6159B2CC297936B4006A6167 /* Release */,
			);
			defaultConfigurationIsVisible = 0;
			defaultConfigurationName = Release;
		};
/* End XCConfigurationList section */
	};
	rootObject = 6141F9EB2962FB25005700F3 /* Project object */;
}
